
Microsoft Visual Studio Solution File, Format Version 12.00
# Visual Studio 14
VisualStudioVersion = 14.0.25420.1
MinimumVisualStudioVersion = 10.0.40219.1
Project("{159641D6-6404-4A2A-AE62-294DE0FE8301}") = "etl-ssis-ABV", "etl-ssis-ABV\etl-ssis-ABV.dtproj", "{FA55261C-6746-4005-9A10-A9B5E05B680A}"
EndProject
Global
	GlobalSection(SolutionConfigurationPlatforms) = preSolution
		Development|Default = Development|Default
	EndGlobalSection
	GlobalSection(ProjectConfigurationPlatforms) = postSolution
		{FA55261C-6746-4005-9A10-A9B5E05B680A}.Development|Default.ActiveCfg = Development
		{FA55261C-6746-4005-9A10-A9B5E05B680A}.Development|Default.Build.0 = Development
	EndGlobalSection
	GlobalSection(SolutionProperties) = preSolution
		HideSolutionNode = FALSE
	EndGlobalSection
EndGlobal
